
Microsoft Visual Studio Solution File, Format Version 12.00
# Visual Studio Version 16
VisualStudioVersion = 16.0.30128.74
MinimumVisualStudioVersion = 10.0.40219.1
Project("{FAE04EC0-301F-11D3-BF4B-00C04F79EFBC}") = "QLThuVien", "QLThuVien.csproj", "{620F9E7F-97B0-4B39-B08C-E8ED499371FE}"
EndProject
Global
	GlobalSection(SolutionConfigurationPlatforms) = preSolution
		Debug|Any CPU = Debug|Any CPU
		Release|Any CPU = Release|Any CPU
	EndGlobalSection
	GlobalSection(ProjectConfigurationPlatforms) = postSolution
		{620F9E7F-97B0-4B39-B08C-E8ED499371FE}.Debug|Any CPU.ActiveCfg = Debug|Any CPU
		{620F9E7F-97B0-4B39-B08C-E8ED499371FE}.Debug|Any CPU.Build.0 = Debug|Any CPU
		{620F9E7F-97B0-4B39-B08C-E8ED499371FE}.Release|Any CPU.ActiveCfg = Release|Any CPU
		{620F9E7F-97B0-4B39-B08C-E8ED499371FE}.Release|Any CPU.Build.0 = Release|Any CPU
	EndGlobalSection
	GlobalSection(SolutionProperties) = preSolution
		HideSolutionNode = FALSE
	EndGlobalSection
	GlobalSection(ExtensibilityGlobals) = postSolution
		SolutionGuid = {DEF659C6-FAD9-44C5-930F-37B088B8C4A5}
	EndGlobalSection
EndGlobal
